
Microsoft Visual Studio Solution File, Format Version 12.00
Project("{FAE04EC0-301F-11D3-BF4B-00C04F79EFBC}") = "HangfireDemo", "HangfireDemo\HangfireDemo.csproj", "{F4352773-CED5-4922-AF77-3AB5B98E3292}"
EndProject
Project("{FAE04EC0-301F-11D3-BF4B-00C04F79EFBC}") = "HangfireServer", "HangfireServer\HangfireServer.csproj", "{62EEA1C8-8C0B-4EF7-904E-6EFCB7402A0A}"
EndProject
Project("{FAE04EC0-301F-11D3-BF4B-00C04F79EFBC}") = "AbdusCo.CronJobs.Core", "AbdusCo.CronJobs.Core\AbdusCo.CronJobs.Core.csproj", "{813223A2-2706-4F21-8381-E92731ED8C0A}"
EndProject
Global
	GlobalSection(SolutionConfigurationPlatforms) = preSolution
		Debug|Any CPU = Debug|Any CPU
		Release|Any CPU = Release|Any CPU
	EndGlobalSection
	GlobalSection(ProjectConfigurationPlatforms) = postSolution
		{F4352773-CED5-4922-AF77-3AB5B98E3292}.Debug|Any CPU.ActiveCfg = Debug|Any CPU
		{F4352773-CED5-4922-AF77-3AB5B98E3292}.Debug|Any CPU.Build.0 = Debug|Any CPU
		{F4352773-CED5-4922-AF77-3AB5B98E3292}.Release|Any CPU.ActiveCfg = Release|Any CPU
		{F4352773-CED5-4922-AF77-3AB5B98E3292}.Release|Any CPU.Build.0 = Release|Any CPU
		{62EEA1C8-8C0B-4EF7-904E-6EFCB7402A0A}.Debug|Any CPU.ActiveCfg = Debug|Any CPU
		{62EEA1C8-8C0B-4EF7-904E-6EFCB7402A0A}.Debug|Any CPU.Build.0 = Debug|Any CPU
		{62EEA1C8-8C0B-4EF7-904E-6EFCB7402A0A}.Release|Any CPU.ActiveCfg = Release|Any CPU
		{62EEA1C8-8C0B-4EF7-904E-6EFCB7402A0A}.Release|Any CPU.Build.0 = Release|Any CPU
		{813223A2-2706-4F21-8381-E92731ED8C0A}.Debug|Any CPU.ActiveCfg = Debug|Any CPU
		{813223A2-2706-4F21-8381-E92731ED8C0A}.Debug|Any CPU.Build.0 = Debug|Any CPU
		{813223A2-2706-4F21-8381-E92731ED8C0A}.Release|Any CPU.ActiveCfg = Release|Any CPU
		{813223A2-2706-4F21-8381-E92731ED8C0A}.Release|Any CPU.Build.0 = Release|Any CPU
	EndGlobalSection
EndGlobal
